
Microsoft Visual Studio Solution File, Format Version 12.00
# Visual Studio Version 16
VisualStudioVersion = 16.0.30804.86
MinimumVisualStudioVersion = 10.0.40219.1
Project("{FAE04EC0-301F-11D3-BF4B-00C04F79EFBC}") = "BasicParser", "BasicParser\BasicParser.csproj", "{7CEE634E-31B6-438B-A132-F0663DFAB40D}"
EndProject
Global
	GlobalSection(SolutionConfigurationPlatforms) = preSolution
		Debug|Any CPU = Debug|Any CPU
		Release|Any CPU = Release|Any CPU
	EndGlobalSection
	GlobalSection(ProjectConfigurationPlatforms) = postSolution
		{7CEE634E-31B6-438B-A132-F0663DFAB40D}.Debug|Any CPU.ActiveCfg = Debug|Any CPU
		{7CEE634E-31B6-438B-A132-F0663DFAB40D}.Debug|Any CPU.Build.0 = Debug|Any CPU
		{7CEE634E-31B6-438B-A132-F0663DFAB40D}.Release|Any CPU.ActiveCfg = Release|Any CPU
		{7CEE634E-31B6-438B-A132-F0663DFAB40D}.Release|Any CPU.Build.0 = Release|Any CPU
	EndGlobalSection
	GlobalSection(SolutionProperties) = preSolution
		HideSolutionNode = FALSE
	EndGlobalSection
	GlobalSection(ExtensibilityGlobals) = postSolution
		SolutionGuid = {F409E942-8C9A-4FAC-A697-CD23DB6635FD}
	EndGlobalSection
EndGlobal
